
Microsoft Visual Studio Solution File, Format Version 12.00
# Visual Studio 2013
VisualStudioVersion = 12.0.31101.0
MinimumVisualStudioVersion = 10.0.40219.1
Project("{FAE04EC0-301F-11D3-BF4B-00C04F79EFBC}") = "DelayJoinPatcher", "DelayJoin\DelayJoinPatcher.csproj", "{D03B8CD3-EB37-4CA1-924D-3FEF98D69D4B}"
EndProject
Project("{FAE04EC0-301F-11D3-BF4B-00C04F79EFBC}") = "DelayJoinLib", "DelayJoinLib\DelayJoinLib.csproj", "{051E449F-4BCC-4EEB-8B72-9D2AC50F382D}"
EndProject
Global
	GlobalSection(SolutionConfigurationPlatforms) = preSolution
		Debug|Any CPU = Debug|Any CPU
		Release|Any CPU = Release|Any CPU
	EndGlobalSection
	GlobalSection(ProjectConfigurationPlatforms) = postSolution
		{D03B8CD3-EB37-4CA1-924D-3FEF98D69D4B}.Debug|Any CPU.ActiveCfg = Debug|Any CPU
		{D03B8CD3-EB37-4CA1-924D-3FEF98D69D4B}.Debug|Any CPU.Build.0 = Debug|Any CPU
		{D03B8CD3-EB37-4CA1-924D-3FEF98D69D4B}.Release|Any CPU.ActiveCfg = Release|Any CPU
		{D03B8CD3-EB37-4CA1-924D-3FEF98D69D4B}.Release|Any CPU.Build.0 = Release|Any CPU
		{051E449F-4BCC-4EEB-8B72-9D2AC50F382D}.Debug|Any CPU.ActiveCfg = Debug|Any CPU
		{051E449F-4BCC-4EEB-8B72-9D2AC50F382D}.Debug|Any CPU.Build.0 = Debug|Any CPU
		{051E449F-4BCC-4EEB-8B72-9D2AC50F382D}.Release|Any CPU.ActiveCfg = Release|Any CPU
		{051E449F-4BCC-4EEB-8B72-9D2AC50F382D}.Release|Any CPU.Build.0 = Release|Any CPU
	EndGlobalSection
	GlobalSection(SolutionProperties) = preSolution
		HideSolutionNode = FALSE
	EndGlobalSection
EndGlobal
